// !$*UTF8*$!
{
	archiveVersion = 1;
	classes = {
	};
	objectVersion = 48;
	objects = {

/* Begin PBXBuildFile section */
		41953F9861CAE8378BED5006 /* Pods_sqlNew.framework in Frameworks */ = {isa = PBXBuildFile; fileRef = 03A9E7D5B8395FEB701E8261 /* Pods_sqlNew.framework */; };
		BC15B842206A4538001C08C3 /* AppDelegate.swift in Sources */ = {isa = PBXBuildFile; fileRef = BC15B841206A4538001C08C3 /* AppDelegate.swift */; };
		BC15B844206A4538001C08C3 /* ViewController.swift in Sources */ = {isa = PBXBuildFile; fileRef = BC15B843206A4538001C08C3 /* ViewController.swift */; };
		BC15B847206A4538001C08C3 /* Main.storyboard in Resources */ = {isa = PBXBuildFile; fileRef = BC15B845206A4538001C08C3 /* Main.storyboard */; };
		BC15B849206A4538001C08C3 /* Assets.xcassets in Resources */ = {isa = PBXBuildFile; fileRef = BC15B848206A4538001C08C3 /* Assets.xcassets */; };
		BC15B84C206A4538001C08C3 /* LaunchScreen.storyboard in Resources */ = {isa = PBXBuildFile; fileRef = BC15B84A206A4538001C08C3 /* LaunchScreen.storyboard */; };
/* End PBXBuildFile section */

/* Begin PBXFileReference section */
		03A9E7D5B8395FEB701E8261 /* Pods_sqlNew.framework */ = {isa = PBXFileReference; explicitFileType = wrapper.framework; includeInIndex = 0; path = Pods_sqlNew.framework; sourceTree = BUILT_PRODUCTS_DIR; };
		0DC32B9ABEEF5CD441987293 /* Pods-sqlNew.release.xcconfig */ = {isa = PBXFileReference; includeInIndex = 1; lastKnownFileType = text.xcconfig; name = "Pods-sqlNew.release.xcconfig"; path = "Pods/Target Support Files/Pods-sqlNew/Pods-sqlNew.release.xcconfig"; sourceTree = "<group>"; };
		AB8E5244E1CF48EBB6823DB9 /* Pods-sqlNew.debug.xcconfig */ = {isa = PBXFileReference; includeInIndex = 1; lastKnownFileType = text.xcconfig; name = "Pods-sqlNew.debug.xcconfig"; path = "Pods/Target Support Files/Pods-sqlNew/Pods-sqlNew.debug.xcconfig"; sourceTree = "<group>"; };
		BC15B83E206A4538001C08C3 /* sqlNew.app */ = {isa = PBXFileReference; explicitFileType = wrapper.application; includeInIndex = 0; path = sqlNew.app; sourceTree = BUILT_PRODUCTS_DIR; };
		BC15B841206A4538001C08C3 /* AppDelegate.swift */ = {isa = PBXFileReference; lastKnownFileType = sourcecode.swift; path = AppDelegate.swift; sourceTree = "<group>"; };
		BC15B843206A4538001C08C3 /* ViewController.swift */ = {isa = PBXFileReference; lastKnownFileType = sourcecode.swift; path = ViewController.swift; sourceTree = "<group>"; };
		BC15B846206A4538001C08C3 /* Base */ = {isa = PBXFileReference; lastKnownFileType = file.storyboard; name = Base; path = Base.lproj/Main.storyboard; sourceTree = "<group>"; };
		BC15B848206A4538001C08C3 /* Assets.xcassets */ = {isa = PBXFileReference; lastKnownFileType = folder.assetcatalog; path = Assets.xcassets; sourceTree = "<group>"; };
		BC15B84B206A4538001C08C3 /* Base */ = {isa = PBXFileReference; lastKnownFileType = file.storyboard; name = Base; path = Base.lproj/LaunchScreen.storyboard; sourceTree = "<group>"; };
		BC15B84D206A4538001C08C3 /* Info.plist */ = {isa = PBXFileReference; lastKnownFileType = text.plist.xml; path = Info.plist; sourceTree = "<group>"; };
/* End PBXFileReference section */

/* Begin PBXFrameworksBuildPhase section */
		BC15B83B206A4538001C08C3 /* Frameworks */ = {
			isa = PBXFrameworksBuildPhase;
			buildActionMask = 2147483647;
			files = (
				41953F9861CAE8378BED5006 /* Pods_sqlNew.framework in Frameworks */,
			);
			runOnlyForDeploymentPostprocessing = 0;
		};
/* End PBXFrameworksBuildPhase section */

/* Begin PBXGroup section */
		9FB3CE6920C4EBCD1616EBB6 /* Pods */ = {
			isa = PBXGroup;
			children = (
				AB8E5244E1CF48EBB6823DB9 /* Pods-sqlNew.debug.xcconfig */,
				0DC32B9ABEEF5CD441987293 /* Pods-sqlNew.release.xcconfig */,
			);
			name = Pods;
			sourceTree = "<group>";
		};
		BC15B835206A4538001C08C3 = {
			isa = PBXGroup;
			children = (
				BC15B840206A4538001C08C3 /* sqlNew */,
				BC15B83F206A4538001C08C3 /* Products */,
				9FB3CE6920C4EBCD1616EBB6 /* Pods */,
				CA761890A161727241ECAD71 /* Frameworks */,
			);
			sourceTree = "<group>";
		};
		BC15B83F206A4538001C08C3 /* Products */ = {
			isa = PBXGroup;
			children = (
				BC15B83E206A4538001C08C3 /* sqlNew.app */,
			);
			name = Products;
			sourceTree = "<group>";
		};
		BC15B840206A4538001C08C3 /* sqlNew */ = {
			isa = PBXGroup;
			children = (
				BC15B841206A4538001C08C3 /* AppDelegate.swift */,
				BC15B843206A4538001C08C3 /* ViewController.swift */,
				BC15B845206A4538001C08C3 /* Main.storyboard */,
				BC15B848206A4538001C08C3 /* Assets.xcassets */,
				BC15B84A206A4538001C08C3 /* LaunchScreen.storyboard */,
				BC15B84D206A4538001C08C3 /* Info.plist */,
			);
			path = sqlNew;
			sourceTree = "<group>";
		};
		CA761890A161727241ECAD71 /* Frameworks */ = {
			isa = PBXGroup;
			children = (
				03A9E7D5B8395FEB701E8261 /* Pods_sqlNew.framework */,
			);
			name = Frameworks;
			sourceTree = "<group>";
		};
/* End PBXGroup section */

/* Begin PBXNativeTarget section */
		BC15B83D206A4538001C08C3 /* sqlNew */ = {
			isa = PBXNativeTarget;
			buildConfigurationList = BC15B850206A4538001C08C3 /* Build configuration list for PBXNativeTarget "sqlNew" */;
			buildPhases = (
				708DF664F2C7D3F528C6ABBD /* [CP] Check Pods Manifest.lock */,
				BC15B83A206A4538001C08C3 /* Sources */,
				BC15B83B206A4538001C08C3 /* Frameworks */,
				BC15B83C206A4538001C08C3 /* Resources */,
				C9F2ECFC174CB7431DED6541 /* [CP] Embed Pods Frameworks */,
				6CE472E54886CEF75D99F638 /* [CP] Copy Pods Resources */,
			);
			buildRules = (
			);
			dependencies = (
			);
			name = sqlNew;
			productName = sqlNew;
			productReference = BC15B83E206A4538001C08C3 /* sqlNew.app */;
			productType = "com.apple.product-type.application";
		};
/* End PBXNativeTarget section */

/* Begin PBXProject section */
		BC15B836206A4538001C08C3 /* Project object */ = {
			isa = PBXProject;
			attributes = {
				LastSwiftUpdateCheck = 0920;
				LastUpgradeCheck = 0920;
				ORGANIZATIONNAME = varun.polanki;
				TargetAttributes = {
					BC15B83D206A4538001C08C3 = {
						CreatedOnToolsVersion = 9.2;
						ProvisioningStyle = Automatic;
					};
				};
			};
			buildConfigurationList = BC15B839206A4538001C08C3 /* Build configuration list for PBXProject "sqlNew" */;
			compatibilityVersion = "Xcode 8.0";
			developmentRegion = en;
			hasScannedForEncodings = 0;
			knownRegions = (
				en,
				Base,
			);
			mainGroup = BC15B835206A4538001C08C3;
			productRefGroup = BC15B83F206A4538001C08C3 /* Products */;
			projectDirPath = "";
			projectRoot = "";
			targets = (
				BC15B83D206A4538001C08C3 /* sqlNew */,
			);
		};
/* End PBXProject section */

/* Begin PBXResourcesBuildPhase section */
		BC15B83C206A4538001C08C3 /* Resources */ = {
			isa = PBXResourcesBuildPhase;
			buildActionMask = 2147483647;
			files = (
				BC15B84C206A4538001C08C3 /* LaunchScreen.storyboard in Resources */,
				BC15B849206A4538001C08C3 /* Assets.xcassets in Resources */,
				BC15B847206A4538001C08C3 /* Main.storyboard in Resources */,
			);
			runOnlyForDeploymentPostprocessing = 0;
		};
/* End PBXResourcesBuildPhase section */

/* Begin PBXShellScriptBuildPhase section */
		6CE472E54886CEF75D99F638 /* [CP] Copy Pods Resources */ = {
			isa = PBXShellScriptBuildPhase;
			buildActionMask = 2147483647;
			files = (
			);
			inputPaths = (
			);
			name = "[CP] Copy Pods Resources";
			outputPaths = (
			);
			runOnlyForDeploymentPostprocessing = 0;
			shellPath = /bin/sh;
			shellScript = "\"${SRCROOT}/Pods/Target Support Files/Pods-sqlNew/Pods-sqlNew-resources.sh\"\n";
			showEnvVarsInLog = 0;
		};
		708DF664F2C7D3F528C6ABBD /* [CP] Check Pods Manifest.lock */ = {
			isa = PBXShellScriptBuildPhase;
			buildActionMask = 2147483647;
			files = (
			);
			inputPaths = (
				"${PODS_PODFILE_DIR_PATH}/Podfile.lock",
				"${PODS_ROOT}/Manifest.lock",
			);
			name = "[CP] Check Pods Manifest.lock";
			outputPaths = (
				"$(DERIVED_FILE_DIR)/Pods-sqlNew-checkManifestLockResult.txt",
			);
			runOnlyForDeploymentPostprocessing = 0;
			shellPath = /bin/sh;
			shellScript = "diff \"${PODS_PODFILE_DIR_PATH}/Podfile.lock\" \"${PODS_ROOT}/Manifest.lock\" > /dev/null\nif [ $? != 0 ] ; then\n    # print error to STDERR\n    echo \"error: The sandbox is not in sync with the Podfile.lock. Run 'pod install' or update your CocoaPods installation.\" >&2\n    exit 1\nfi\n# This output is used by Xcode 'outputs' to avoid re-running this script phase.\necho \"SUCCESS\" > \"${SCRIPT_OUTPUT_FILE_0}\"\n";
			showEnvVarsInLog = 0;
		};
		C9F2ECFC174CB7431DED6541 /* [CP] Embed Pods Frameworks */ = {
			isa = PBXShellScriptBuildPhase;
			buildActionMask = 2147483647;
			files = (
			);
			inputPaths = (
				"${SRCROOT}/Pods/Target Support Files/Pods-sqlNew/Pods-sqlNew-frameworks.sh",
				"${BUILT_PRODUCTS_DIR}/SQLite.swift/SQLite.framework",
			);
			name = "[CP] Embed Pods Frameworks";
			outputPaths = (
				"${TARGET_BUILD_DIR}/${FRAMEWORKS_FOLDER_PATH}/SQLite.framework",
			);
			runOnlyForDeploymentPostprocessing = 0;
			shellPath = /bin/sh;
			shellScript = "\"${SRCROOT}/Pods/Target Support Files/Pods-sqlNew/Pods-sqlNew-frameworks.sh\"\n";
			showEnvVarsInLog = 0;
		};
/* End PBXShellScriptBuildPhase section */

/* Begin PBXSourcesBuildPhase section */
		BC15B83A206A4538001C08C3 /* Sources */ = {
			isa = PBXSourcesBuildPhase;
			buildActionMask = 2147483647;
			files = (
				BC15B844206A4538001C08C3 /* ViewController.swift in Sources */,
				BC15B842206A4538001C08C3 /* AppDelegate.swift in Sources */,
			);
			runOnlyForDeploymentPostprocessing = 0;
		};
/* End PBXSourcesBuildPhase section */

/* Begin PBXVariantGroup section */
		BC15B845206A4538001C08C3 /* Main.storyboard */ = {
			isa = PBXVariantGroup;
			children = (
				BC15B846206A4538001C08C3 /* Base */,
			);
			name = Main.storyboard;
			sourceTree = "<group>";
		};
		BC15B84A206A4538001C08C3 /* LaunchScreen.storyboard */ = {
			isa = PBXVariantGroup;
			children = (
				BC15B84B206A4538001C08C3 /* Base */,
			);
			name = LaunchScreen.storyboard;
			sourceTree = "<group>";
		};
/* End PBXVariantGroup section */

/* Begin XCBuildConfiguration section */
		BC15B84E206A4538001C08C3 /* Debug */ = {
			isa = XCBuildConfiguration;
			buildSettings = {
				ALWAYS_SEARCH_USER_PATHS = NO;
				CLANG_ANALYZER_NONNULL = YES;
				CLANG_ANALYZER_NUMBER_OBJECT_CONVERSION = YES_AGGRESSIVE;
				CLANG_CXX_LANGUAGE_STANDARD = "gnu++14";
				CLANG_CXX_LIBRARY = "libc++";
				CLANG_ENABLE_MODULES = YES;
				CLANG_ENABLE_OBJC_ARC = YES;
				CLANG_WARN_BLOCK_CAPTURE_AUTORELEASING = YES;
				CLANG_WARN_BOOL_CONVERSION = YES;
				CLANG_WARN_COMMA = YES;
				CLANG_WARN_CONSTANT_CONVERSION = YES;
				CLANG_WARN_DIRECT_OBJC_ISA_USAGE = YES_ERROR;
				CLANG_WARN_DOCUMENTATION_COMMENTS = YES;
				CLANG_WARN_EMPTY_BODY = YES;
				CLANG_WARN_ENUM_CONVERSION = YES;
				CLANG_WARN_INFINITE_RECURSION = YES;
				CLANG_WARN_INT_CONVERSION = YES;
				CLANG_WARN_NON_LITERAL_NULL_CONVERSION = YES;
				CLANG_WARN_OBJC_LITERAL_CONVERSION = YES;
				CLANG_WARN_OBJC_ROOT_CLASS = YES_ERROR;
				CLANG_WARN_RANGE_LOOP_ANALYSIS = YES;
				CLANG_WARN_STRICT_PROTOTYPES = YES;
				CLANG_WARN_SUSPICIOUS_MOVE = YES;
				CLANG_WARN_UNGUARDED_AVAILABILITY = YES_AGGRESSIVE;
				CLANG_WARN_UNREACHABLE_CODE = YES;
				CLANG_WARN__DUPLICATE_METHOD_MATCH = YES;
				CODE_SIGN_IDENTITY = "iPhone Developer";
				COPY_PHASE_STRIP = NO;
				DEBUG_INFORMATION_FORMAT = dwarf;
				ENABLE_STRICT_OBJC_MSGSEND = YES;
				ENABLE_TESTABILITY = YES;
				GCC_C_LANGUAGE_STANDARD = gnu11;
				GCC_DYNAMIC_NO_PIC = NO;
				GCC_NO_COMMON_BLOCKS = YES;
				GCC_OPTIMIZATION_LEVEL = 0;
				GCC_PREPROCESSOR_DEFINITIONS = (
					"DEBUG=1",
					"$(inherited)",
				);
				GCC_WARN_64_TO_32_BIT_CONVERSION = YES;
				GCC_WARN_ABOUT_RETURN_TYPE = YES_ERROR;
				GCC_WARN_UNDECLARED_SELECTOR = YES;
				GCC_WARN_UNINITIALIZED_AUTOS = YES_AGGRESSIVE;
				GCC_WARN_UNUSED_FUNCTION = YES;
				GCC_WARN_UNUSED_VARIABLE = YES;
				IPHONEOS_DEPLOYMENT_TARGET = 11.2;
				MTL_ENABLE_DEBUG_INFO = YES;
				ONLY_ACTIVE_ARCH = YES;
				SDKROOT = iphoneos;
				SWIFT_ACTIVE_COMPILATION_CONDITIONS = DEBUG;
				SWIFT_OPTIMIZATION_LEVEL = "-Onone";
			};
			name = Debug;
		};
		BC15B84F206A4538001C08C3 /* Release */ = {
			isa = XCBuildConfiguration;
			buildSettings = {
				ALWAYS_SEARCH_USER_PATHS = NO;
				CLANG_ANALYZER_NONNULL = YES;
				CLANG_ANALYZER_NUMBER_OBJECT_CONVERSION = YES_AGGRESSIVE;
				CLANG_CXX_LANGUAGE_STANDARD = "gnu++14";
				CLANG_CXX_LIBRARY = "libc++";
				CLANG_ENABLE_MODULES = YES;
				CLANG_ENABLE_OBJC_ARC = YES;
				CLANG_WARN_BLOCK_CAPTURE_AUTORELEASING = YES;
				CLANG_WARN_BOOL_CONVERSION = YES;
				CLANG_WARN_COMMA = YES;
				CLANG_WARN_CONSTANT_CONVERSION = YES;
				CLANG_WARN_DIRECT_OBJC_ISA_USAGE = YES_ERROR;
				CLANG_WARN_DOCUMENTATION_COMMENTS = YES;
				CLANG_WARN_EMPTY_BODY = YES;
				CLANG_WARN_ENUM_CONVERSION = YES;
				CLANG_WARN_INFINITE_RECURSION = YES;
				CLANG_WARN_INT_CONVERSION = YES;
				CLANG_WARN_NON_LITERAL_NULL_CONVERSION = YES;
				CLANG_WARN_OBJC_LITERAL_CONVERSION = YES;
				CLANG_WARN_OBJC_ROOT_CLASS = YES_ERROR;
				CLANG_WARN_RANGE_LOOP_ANALYSIS = YES;
				CLANG_WARN_STRICT_PROTOTYPES = YES;
				CLANG_WARN_SUSPICIOUS_MOVE = YES;
				CLANG_WARN_UNGUARDED_AVAILABILITY = YES_AGGRESSIVE;
				CLANG_WARN_UNREACHABLE_CODE = YES;
				CLANG_WARN__DUPLICATE_METHOD_MATCH = YES;
				CODE_SIGN_IDENTITY = "iPhone Developer";
				COPY_PHASE_STRIP = NO;
				DEBUG_INFORMATION_FORMAT = "dwarf-with-dsym";
				ENABLE_NS_ASSERTIONS = NO;
				ENABLE_STRICT_OBJC_MSGSEND = YES;
				GCC_C_LANGUAGE_STANDARD = gnu11;
				GCC_NO_COMMON_BLOCKS = YES;
				GCC_WARN_64_TO_32_BIT_CONVERSION = YES;
				GCC_WARN_ABOUT_RETURN_TYPE = YES_ERROR;
				GCC_WARN_UNDECLARED_SELECTOR = YES;
				GCC_WARN_UNINITIALIZED_AUTOS = YES_AGGRESSIVE;
				GCC_WARN_UNUSED_FUNCTION = YES;
				GCC_WARN_UNUSED_VARIABLE = YES;
				IPHONEOS_DEPLOYMENT_TARGET = 11.2;
				MTL_ENABLE_DEBUG_INFO = NO;
				SDKROOT = iphoneos;
				SWIFT_OPTIMIZATION_LEVEL = "-Owholemodule";
				VALIDATE_PRODUCT = YES;
			};
			name = Release;
		};
		BC15B851206A4538001C08C3 /* Debug */ = {
			isa = XCBuildConfiguration;
			baseConfigurationReference = AB8E5244E1CF48EBB6823DB9 /* Pods-sqlNew.debug.xcconfig */;
			buildSettings = {
				ASSETCATALOG_COMPILER_APPICON_NAME = AppIcon;
				CODE_SIGN_STYLE = Automatic;
				INFOPLIST_FILE = sqlNew/Info.plist;
				LD_RUNPATH_SEARCH_PATHS = "$(inherited) @executable_path/Frameworks";
				PRODUCT_BUNDLE_IDENTIFIER = varun.sqlNew;
				PRODUCT_NAME = "$(TARGET_NAME)";
				SWIFT_VERSION = 4.0;
				TARGETED_DEVICE_FAMILY = "1,2";
			};
			name = Debug;
		};
		BC15B852206A4538001C08C3 /* Release */ = {
			isa = XCBuildConfiguration;
			baseConfigurationReference = 0DC32B9ABEEF5CD441987293 /* Pods-sqlNew.release.xcconfig */;
			buildSettings = {
				ASSETCATALOG_COMPILER_APPICON_NAME = AppIcon;
				CODE_SIGN_STYLE = Automatic;
				INFOPLIST_FILE = sqlNew/Info.plist;
				LD_RUNPATH_SEARCH_PATHS = "$(inherited) @executable_path/Frameworks";
				PRODUCT_BUNDLE_IDENTIFIER = varun.sqlNew;
				PRODUCT_NAME = "$(TARGET_NAME)";
				SWIFT_VERSION = 4.0;
				TARGETED_DEVICE_FAMILY = "1,2";
			};
			name = Release;
		};
/* End XCBuildConfiguration section */

/* Begin XCConfigurationList section */
		BC15B839206A4538001C08C3 /* Build configuration list for PBXProject "sqlNew" */ = {
			isa = XCConfigurationList;
			buildConfigurations = (
				BC15B84E206A4538001C08C3 /* Debug */,
				BC15B84F206A4538001C08C3 /* Release */,
			);
			defaultConfigurationIsVisible = 0;
			defaultConfigurationName = Release;
		};
		BC15B850206A4538001C08C3 /* Build configuration list for PBXNativeTarget "sqlNew" */ = {
			isa = XCConfigurationList;
			buildConfigurations = (
				BC15B851206A4538001C08C3 /* Debug */,
				BC15B852206A4538001C08C3 /* Release */,
			);
			defaultConfigurationIsVisible = 0;
			defaultConfigurationName = Release;
		};
/* End XCConfigurationList section */
	};
	rootObject = BC15B836206A4538001C08C3 /* Project object */;
}
